# THIS IS AN AUTOGENERATED FILE. DO NOT EDIT THIS FILE DIRECTLY.
# yarn lockfile v1


survey-react@^1.7.23:
  version "1.7.23"
  resolved "https://registry.yarnpkg.com/survey-react/-/survey-react-1.7.23.tgz#28e1c67d1bf9747ebae34ee31ad1f59beeede524"
  integrity sha512-6NMJDK4nkJSko9nJ28W+xniwtxKeqa/S1drsB/g32vrrqF/pof7jWeiAXZ38/KYa3PzikVPYvhCwjSPtfFcmZw==
